
Microsoft Visual Studio Solution File, Format Version 12.00
# Visual Studio 15
VisualStudioVersion = 15.0.27428.2027
MinimumVisualStudioVersion = 10.0.40219.1
Project("{9A19103F-16F7-4668-BE54-9A1E7A4F7556}") = "TestShoppingCartDiscount.Domain", "TestShoppingCartDiscount.Domain\TestShoppingCartDiscount.Domain.csproj", "{BE3F5682-83D7-4533-B710-BD5B06CBC0F7}"
EndProject
Project("{9A19103F-16F7-4668-BE54-9A1E7A4F7556}") = "TestShoppingCartDiscount.UnitTests", "TestShoppingCartDiscount.UnitTests\TestShoppingCartDiscount.UnitTests.csproj", "{8239F6AF-BC2B-457C-A456-53C0E745367F}"
EndProject
Project("{FAE04EC0-301F-11D3-BF4B-00C04F79EFBC}") = "TestShoppingCartDiscount.Framework", "TestShoppingCartDiscount.Framework\TestShoppingCartDiscount.Framework.csproj", "{0800BE68-7AD6-48A4-96EE-6AE2CA641010}"
EndProject
Global
	GlobalSection(SolutionConfigurationPlatforms) = preSolution
		Debug|Any CPU = Debug|Any CPU
		Release|Any CPU = Release|Any CPU
	EndGlobalSection
	GlobalSection(ProjectConfigurationPlatforms) = postSolution
		{BE3F5682-83D7-4533-B710-BD5B06CBC0F7}.Debug|Any CPU.ActiveCfg = Debug|Any CPU
		{BE3F5682-83D7-4533-B710-BD5B06CBC0F7}.Debug|Any CPU.Build.0 = Debug|Any CPU
		{BE3F5682-83D7-4533-B710-BD5B06CBC0F7}.Release|Any CPU.ActiveCfg = Release|Any CPU
		{BE3F5682-83D7-4533-B710-BD5B06CBC0F7}.Release|Any CPU.Build.0 = Release|Any CPU
		{8239F6AF-BC2B-457C-A456-53C0E745367F}.Debug|Any CPU.ActiveCfg = Debug|Any CPU
		{8239F6AF-BC2B-457C-A456-53C0E745367F}.Debug|Any CPU.Build.0 = Debug|Any CPU
		{8239F6AF-BC2B-457C-A456-53C0E745367F}.Release|Any CPU.ActiveCfg = Release|Any CPU
		{8239F6AF-BC2B-457C-A456-53C0E745367F}.Release|Any CPU.Build.0 = Release|Any CPU
		{0800BE68-7AD6-48A4-96EE-6AE2CA641010}.Debug|Any CPU.ActiveCfg = Debug|Any CPU
		{0800BE68-7AD6-48A4-96EE-6AE2CA641010}.Debug|Any CPU.Build.0 = Debug|Any CPU
		{0800BE68-7AD6-48A4-96EE-6AE2CA641010}.Release|Any CPU.ActiveCfg = Release|Any CPU
		{0800BE68-7AD6-48A4-96EE-6AE2CA641010}.Release|Any CPU.Build.0 = Release|Any CPU
	EndGlobalSection
	GlobalSection(SolutionProperties) = preSolution
		HideSolutionNode = FALSE
	EndGlobalSection
	GlobalSection(ExtensibilityGlobals) = postSolution
		SolutionGuid = {8E5CB489-0F47-4F3F-A8F1-E940CE86A4D3}
	EndGlobalSection
EndGlobal
